
Microsoft Visual Studio Solution File, Format Version 12.00
# Visual Studio Version 16
VisualStudioVersion = 16.0.31624.102
MinimumVisualStudioVersion = 10.0.40219.1
Project("{FAE04EC0-301F-11D3-BF4B-00C04F79EFBC}") = "GraphVisualization", "GraphVisualization\GraphVisualization.csproj", "{9673D5CA-E305-49AE-8602-FB3D644FC3D3}"
EndProject
Global
	GlobalSection(SolutionConfigurationPlatforms) = preSolution
		Debug|Any CPU = Debug|Any CPU
		Release|Any CPU = Release|Any CPU
	EndGlobalSection
	GlobalSection(ProjectConfigurationPlatforms) = postSolution
		{9673D5CA-E305-49AE-8602-FB3D644FC3D3}.Debug|Any CPU.ActiveCfg = Debug|Any CPU
		{9673D5CA-E305-49AE-8602-FB3D644FC3D3}.Debug|Any CPU.Build.0 = Debug|Any CPU
		{9673D5CA-E305-49AE-8602-FB3D644FC3D3}.Release|Any CPU.ActiveCfg = Release|Any CPU
		{9673D5CA-E305-49AE-8602-FB3D644FC3D3}.Release|Any CPU.Build.0 = Release|Any CPU
	EndGlobalSection
	GlobalSection(SolutionProperties) = preSolution
		HideSolutionNode = FALSE
	EndGlobalSection
	GlobalSection(ExtensibilityGlobals) = postSolution
		SolutionGuid = {20B7B702-358A-4860-81BB-E91C8901EC98}
	EndGlobalSection
EndGlobal
